<?xml version="1.0" encoding="utf-8"?>
<Project ToolsVersion="4.0" xmlns="http://schemas.microsoft.com/developer/msbuild/2003">
  <ItemGroup>
    <Filter Include="win32">
      <UniqueIdentifier>{84a8ebd7-7cf0-47f6-b75e-d441df67da40}</UniqueIdentifier>
    </Filter>
    <Filter Include="Classes">
      <UniqueIdentifier>{bb6c862e-70e9-49d9-81b7-3829a6f50471}</UniqueIdentifier>
    </Filter>
    <Filter Include="Classes\View">
      <UniqueIdentifier>{89828658-9d5f-4e97-b5fe-96f8da90ffc7}</UniqueIdentifier>
    </Filter>
    <Filter Include="Classes\Logic">
      <UniqueIdentifier>{b4b3ff19-7277-4cd7-9361-4eb49c7fc9b2}</UniqueIdentifier>
    </Filter>
    <Filter Include="Classes\ColorSet">
      <UniqueIdentifier>{618565f5-49c9-4f7c-8faa-558f6840c8a5}</UniqueIdentifier>
    </Filter>
    <Filter Include="Classes\Util">
      <UniqueIdentifier>{c697096e-83e8-4af0-9e2c-8cb982fe26f3}</UniqueIdentifier>
    </Filter>
  </ItemGroup>
  <ItemGroup>
    <ClCompile Include="main.cpp">
      <Filter>win32</Filter>
    </ClCompile>
    <ClCompile Include="..\Classes\AppDelegate.cpp">
      <Filter>Classes</Filter>
    </ClCompile>
    <ClCompile Include="..\Classes\FirstViewController.cpp">
      <Filter>Classes</Filter>
    </ClCompile>
    <ClCompile Include="..\Classes\RootWindow.cpp">
      <Filter>Classes</Filter>
    </ClCompile>
    <ClCompile Include="..\Classes\DataSubViewController.cpp">
      <Filter>Classes\View</Filter>
    </ClCompile>
    <ClCompile Include="..\Classes\Road.cpp">
      <Filter>Classes\Logic</Filter>
    </ClCompile>
    <ClCompile Include="..\Classes\ColorSet.cpp">
      <Filter>Classes\ColorSet</Filter>
    </ClCompile>
    <ClCompile Include="..\Classes\UTF8ToGBK.cpp">
      <Filter>Classes\Util</Filter>
    </ClCompile>
    <ClCompile Include="..\Classes\UtilManager.cpp">
      <Filter>Classes\Util</Filter>
    </ClCompile>
  </ItemGroup>
  <ItemGroup>
    <ClInclude Include="main.h">
      <Filter>win32</Filter>
    </ClInclude>
    <ClInclude Include="..\Classes\AppDelegate.h">
      <Filter>Classes</Filter>
    </ClInclude>
    <ClInclude Include="..\Classes\FirstViewController.h">
      <Filter>Classes</Filter>
    </ClInclude>
    <ClInclude Include="..\Classes\RootWindow.h">
      <Filter>Classes</Filter>
    </ClInclude>
    <ClInclude Include="..\Classes\DataSubViewController.h">
      <Filter>Classes\View</Filter>
    </ClInclude>
    <ClInclude Include="..\Classes\Road.h">
      <Filter>Classes\Logic</Filter>
    </ClInclude>
    <ClInclude Include="..\Classes\ColorSet.h">
      <Filter>Classes\ColorSet</Filter>
    </ClInclude>
    <ClInclude Include="..\Classes\UTF8ToGBK.h">
      <Filter>Classes\Util</Filter>
    </ClInclude>
    <ClInclude Include="..\Classes\UtilManager.h">
      <Filter>Classes\Util</Filter>
    </ClInclude>
  </ItemGroup>
</Project>